github.com/package-url/packageurl-go v0.1.3 h1:4juMED3hHiz0set3Vq3KeQ75KD1avthoXLtmE3I0PLs=
github.com/package-url/packageurl-go v0.1.3/go.mod h1:nKAWB8E6uk1MHqiS/lQb9pYBGH2+mdJ2PJc2s50dQY0=
golang.org/x/mod v0.29.0 h1:HV8lRxZC4l2cr3Zq1LvtOsi/ThTgWnUk/y64QSs8GwA=
golang.org/x/mod v0.29.0/go.mod h1:NyhrlYXJ2H4eJiRy/WDBO6HMqZQ6q9nk4JzS3NuCK+w=
