github.com/package-url/packageurl-go v0.1.3 h1:4juMED3hHiz0set3Vq3KeQ75KD1avthoXLtmE3I0PLs=
github.com/package-url/packageurl-go v0.1.3/go.mod h1:nKAWB8E6uk1MHqiS/lQb9pYBGH2+mdJ2PJc2s50dQY0=
golang.org/x/mod v0.32.0 h1:9F4d3PHLljb6x//jOyokMv3eX+YDeepZSEo3mFJy93c=
golang.org/x/mod v0.32.0/go.mod h1:SgipZ/3h2Ci89DlEtEXWUk/HteuRin+HHhN+WbNhguU=
